
Microsoft Visual Studio Solution File, Format Version 12.00
# Visual Studio Version 16
VisualStudioVersion = 16.0.32413.511
MinimumVisualStudioVersion = 10.0.40219.1
Project("{FAE04EC0-301F-11D3-BF4B-00C04F79EFBC}") = "WpfAppComboBox", "WpfAppComboBox\WpfAppComboBox.csproj", "{C5CE47BC-7FF1-4BB8-BA71-F8135B3EFDCE}"
EndProject
Global
	GlobalSection(SolutionConfigurationPlatforms) = preSolution
		Debug|Any CPU = Debug|Any CPU
		Release|Any CPU = Release|Any CPU
	EndGlobalSection
	GlobalSection(ProjectConfigurationPlatforms) = postSolution
		{C5CE47BC-7FF1-4BB8-BA71-F8135B3EFDCE}.Debug|Any CPU.ActiveCfg = Debug|Any CPU
		{C5CE47BC-7FF1-4BB8-BA71-F8135B3EFDCE}.Debug|Any CPU.Build.0 = Debug|Any CPU
		{C5CE47BC-7FF1-4BB8-BA71-F8135B3EFDCE}.Release|Any CPU.ActiveCfg = Release|Any CPU
		{C5CE47BC-7FF1-4BB8-BA71-F8135B3EFDCE}.Release|Any CPU.Build.0 = Release|Any CPU
	EndGlobalSection
	GlobalSection(SolutionProperties) = preSolution
		HideSolutionNode = FALSE
	EndGlobalSection
	GlobalSection(ExtensibilityGlobals) = postSolution
		SolutionGuid = {6A52761F-028A-4353-A565-1DE3E03E642A}
	EndGlobalSection
EndGlobal
